
Microsoft Visual Studio Solution File, Format Version 12.00
# Visual Studio Version 17
VisualStudioVersion = 17.0.32014.148
MinimumVisualStudioVersion = 10.0.40219.1
Project("{54A90642-561A-4BB1-A94E-469ADEE60C69}") = "cardealership.vueapp", "CarDealership.VueApp\cardealership.vueapp.esproj", "{1A988D38-075C-4AB9-81F4-776901571063}"
EndProject
Project("{FAE04EC0-301F-11D3-BF4B-00C04F79EFBC}") = "CarDealership.Backend", "CarDealership.Backend\CarDealership.Backend.csproj", "{F450F664-6FD4-4C6D-BAD8-AD76BFFCB3E9}"
EndProject
Global
	GlobalSection(SolutionConfigurationPlatforms) = preSolution
		Debug|Any CPU = Debug|Any CPU
		Release|Any CPU = Release|Any CPU
	EndGlobalSection
	GlobalSection(ProjectConfigurationPlatforms) = postSolution
		{1A988D38-075C-4AB9-81F4-776901571063}.Debug|Any CPU.ActiveCfg = Debug|Any CPU
		{1A988D38-075C-4AB9-81F4-776901571063}.Debug|Any CPU.Build.0 = Debug|Any CPU
		{1A988D38-075C-4AB9-81F4-776901571063}.Debug|Any CPU.Deploy.0 = Debug|Any CPU
		{1A988D38-075C-4AB9-81F4-776901571063}.Release|Any CPU.ActiveCfg = Release|Any CPU
		{1A988D38-075C-4AB9-81F4-776901571063}.Release|Any CPU.Build.0 = Release|Any CPU
		{1A988D38-075C-4AB9-81F4-776901571063}.Release|Any CPU.Deploy.0 = Release|Any CPU
		{F450F664-6FD4-4C6D-BAD8-AD76BFFCB3E9}.Debug|Any CPU.ActiveCfg = Debug|Any CPU
		{F450F664-6FD4-4C6D-BAD8-AD76BFFCB3E9}.Debug|Any CPU.Build.0 = Debug|Any CPU
		{F450F664-6FD4-4C6D-BAD8-AD76BFFCB3E9}.Release|Any CPU.ActiveCfg = Release|Any CPU
		{F450F664-6FD4-4C6D-BAD8-AD76BFFCB3E9}.Release|Any CPU.Build.0 = Release|Any CPU
	EndGlobalSection
	GlobalSection(SolutionProperties) = preSolution
		HideSolutionNode = FALSE
	EndGlobalSection
	GlobalSection(ExtensibilityGlobals) = postSolution
		SolutionGuid = {72B66972-6C4D-4258-B26D-48B741D64C60}
	EndGlobalSection
EndGlobal
